// !$*UTF8*$!
{
	archiveVersion = 1;
	classes = {
	};
	objectVersion = 51;
	objects = {

/* Begin PBXBuildFile section */
		20298F612846662600DF6F2B /* AppDelegate.swift in Sources */ = {isa = PBXBuildFile; fileRef = 20298F602846662600DF6F2B /* AppDelegate.swift */; };
		20298F632846662600DF6F2B /* SceneDelegate.swift in Sources */ = {isa = PBXBuildFile; fileRef = 20298F622846662600DF6F2B /* SceneDelegate.swift */; };
		20298F682846662600DF6F2B /* Main.storyboard in Resources */ = {isa = PBXBuildFile; fileRef = 20298F662846662600DF6F2B /* Main.storyboard */; };
		20298F6A2846662800DF6F2B /* Assets.xcassets in Resources */ = {isa = PBXBuildFile; fileRef = 20298F692846662800DF6F2B /* Assets.xcassets */; };
		20298F6D2846662800DF6F2B /* LaunchScreen.storyboard in Resources */ = {isa = PBXBuildFile; fileRef = 20298F6B2846662800DF6F2B /* LaunchScreen.storyboard */; };
		20298F792846693600DF6F2B /* ToDoListViewController.swift in Sources */ = {isa = PBXBuildFile; fileRef = 20298F782846693600DF6F2B /* ToDoListViewController.swift */; };
		206417B0284CE33500D8A10E /* SwipeTableViewController.swift in Sources */ = {isa = PBXBuildFile; fileRef = 206417AF284CE33500D8A10E /* SwipeTableViewController.swift */; };
		206A6EF7284B6EA000EF9B60 /* CategoryViewController.swift in Sources */ = {isa = PBXBuildFile; fileRef = 206A6EF6284B6EA000EF9B60 /* CategoryViewController.swift */; };
		20FB4A27284921F300F3B39A /* DataModel.xcdatamodeld in Sources */ = {isa = PBXBuildFile; fileRef = 20FB4A25284921F300F3B39A /* DataModel.xcdatamodeld */; };
		9D07629EB7C962F07D31D760 /* Pods_ToDoApp.framework in Frameworks */ = {isa = PBXBuildFile; fileRef = 8FF613B4DC081024014BFA5A /* Pods_ToDoApp.framework */; };
/* End PBXBuildFile section */

/* Begin PBXFileReference section */
		20298F5D2846662600DF6F2B /* ToDoApp.app */ = {isa = PBXFileReference; explicitFileType = wrapper.application; includeInIndex = 0; path = ToDoApp.app; sourceTree = BUILT_PRODUCTS_DIR; };
		20298F602846662600DF6F2B /* AppDelegate.swift */ = {isa = PBXFileReference; lastKnownFileType = sourcecode.swift; path = AppDelegate.swift; sourceTree = "<group>"; };
		20298F622846662600DF6F2B /* SceneDelegate.swift */ = {isa = PBXFileReference; lastKnownFileType = sourcecode.swift; path = SceneDelegate.swift; sourceTree = "<group>"; };
		20298F672846662600DF6F2B /* Base */ = {isa = PBXFileReference; lastKnownFileType = file.storyboard; name = Base; path = Base.lproj/Main.storyboard; sourceTree = "<group>"; };
		20298F692846662800DF6F2B /* Assets.xcassets */ = {isa = PBXFileReference; lastKnownFileType = folder.assetcatalog; path = Assets.xcassets; sourceTree = "<group>"; };
		20298F6C2846662800DF6F2B /* Base */ = {isa = PBXFileReference; lastKnownFileType = file.storyboard; name = Base; path = Base.lproj/LaunchScreen.storyboard; sourceTree = "<group>"; };
		20298F6E2846662800DF6F2B /* Info.plist */ = {isa = PBXFileReference; lastKnownFileType = text.plist.xml; path = Info.plist; sourceTree = "<group>"; };
		20298F782846693600DF6F2B /* ToDoListViewController.swift */ = {isa = PBXFileReference; lastKnownFileType = sourcecode.swift; path = ToDoListViewController.swift; sourceTree = "<group>"; };
		206417AF284CE33500D8A10E /* SwipeTableViewController.swift */ = {isa = PBXFileReference; lastKnownFileType = sourcecode.swift; path = SwipeTableViewController.swift; sourceTree = "<group>"; };
		206A6EF6284B6EA000EF9B60 /* CategoryViewController.swift */ = {isa = PBXFileReference; lastKnownFileType = sourcecode.swift; path = CategoryViewController.swift; sourceTree = "<group>"; };
		20FB4A26284921F300F3B39A /* DataModel.xcdatamodel */ = {isa = PBXFileReference; lastKnownFileType = wrapper.xcdatamodel; path = DataModel.xcdatamodel; sourceTree = "<group>"; };
		8FF613B4DC081024014BFA5A /* Pods_ToDoApp.framework */ = {isa = PBXFileReference; explicitFileType = wrapper.framework; includeInIndex = 0; path = Pods_ToDoApp.framework; sourceTree = BUILT_PRODUCTS_DIR; };
		BC99987A4056A2DF77019277 /* Pods-ToDoApp.release.xcconfig */ = {isa = PBXFileReference; includeInIndex = 1; lastKnownFileType = text.xcconfig; name = "Pods-ToDoApp.release.xcconfig"; path = "Target Support Files/Pods-ToDoApp/Pods-ToDoApp.release.xcconfig"; sourceTree = "<group>"; };
		DD269900D5DE09BBBCB94CC9 /* Pods-ToDoApp.debug.xcconfig */ = {isa = PBXFileReference; includeInIndex = 1; lastKnownFileType = text.xcconfig; name = "Pods-ToDoApp.debug.xcconfig"; path = "Target Support Files/Pods-ToDoApp/Pods-ToDoApp.debug.xcconfig"; sourceTree = "<group>"; };
/* End PBXFileReference section */

/* Begin PBXFrameworksBuildPhase section */
		20298F5A2846662600DF6F2B /* Frameworks */ = {
			isa = PBXFrameworksBuildPhase;
			buildActionMask = 2147483647;
			files = (
				9D07629EB7C962F07D31D760 /* Pods_ToDoApp.framework in Frameworks */,
			);
			runOnlyForDeploymentPostprocessing = 0;
		};
/* End PBXFrameworksBuildPhase section */

/* Begin PBXGroup section */
		20298F542846662600DF6F2B = {
			isa = PBXGroup;
			children = (
				20298F5F2846662600DF6F2B /* ToDoApp */,
				20298F5E2846662600DF6F2B /* Products */,
				31DF3A595642C09FAD58C280 /* Pods */,
				E4756D9E89CAC6583AE89C14 /* Frameworks */,
			);
			sourceTree = "<group>";
		};
		20298F5E2846662600DF6F2B /* Products */ = {
			isa = PBXGroup;
			children = (
				20298F5D2846662600DF6F2B /* ToDoApp.app */,
			);
			name = Products;
			sourceTree = "<group>";
		};
		20298F5F2846662600DF6F2B /* ToDoApp */ = {
			isa = PBXGroup;
			children = (
				20298F602846662600DF6F2B /* AppDelegate.swift */,
				20298F622846662600DF6F2B /* SceneDelegate.swift */,
				20CB11432847D61A00F4FC4E /* Model */,
				20CB113E2847D60600F4FC4E /* View */,
				20CB113D2847D5FB00F4FC4E /* Controllers */,
				20298F692846662800DF6F2B /* Assets.xcassets */,
				20298F6B2846662800DF6F2B /* LaunchScreen.storyboard */,
				20298F6E2846662800DF6F2B /* Info.plist */,
			);
			path = ToDoApp;
			sourceTree = "<group>";
		};
		20CB113D2847D5FB00F4FC4E /* Controllers */ = {
			isa = PBXGroup;
			children = (
				206A6EF6284B6EA000EF9B60 /* CategoryViewController.swift */,
				20298F782846693600DF6F2B /* ToDoListViewController.swift */,
				206417AF284CE33500D8A10E /* SwipeTableViewController.swift */,
			);
			path = Controllers;
			sourceTree = "<group>";
		};
		20CB113E2847D60600F4FC4E /* View */ = {
			isa = PBXGroup;
			children = (
				20298F662846662600DF6F2B /* Main.storyboard */,
			);
			path = View;
			sourceTree = "<group>";
		};
		20CB11432847D61A00F4FC4E /* Model */ = {
			isa = PBXGroup;
			children = (
				20FB4A25284921F300F3B39A /* DataModel.xcdatamodeld */,
			);
			path = Model;
			sourceTree = "<group>";
		};
		31DF3A595642C09FAD58C280 /* Pods */ = {
			isa = PBXGroup;
			children = (
				DD269900D5DE09BBBCB94CC9 /* Pods-ToDoApp.debug.xcconfig */,
				BC99987A4056A2DF77019277 /* Pods-ToDoApp.release.xcconfig */,
			);
			path = Pods;
			sourceTree = "<group>";
		};
		E4756D9E89CAC6583AE89C14 /* Frameworks */ = {
			isa = PBXGroup;
			children = (
				8FF613B4DC081024014BFA5A /* Pods_ToDoApp.framework */,
			);
			name = Frameworks;
			sourceTree = "<group>";
		};
/* End PBXGroup section */

/* Begin PBXNativeTarget section */
		20298F5C2846662600DF6F2B /* ToDoApp */ = {
			isa = PBXNativeTarget;
			buildConfigurationList = 20298F712846662800DF6F2B /* Build configuration list for PBXNativeTarget "ToDoApp" */;
			buildPhases = (
				BFC665ACA5FB7BED98EF4B33 /* [CP] Check Pods Manifest.lock */,
				20298F592846662600DF6F2B /* Sources */,
				20298F5A2846662600DF6F2B /* Frameworks */,
				20298F5B2846662600DF6F2B /* Resources */,
				3582F0F680423038ACAEDB40 /* [CP] Embed Pods Frameworks */,
			);
			buildRules = (
			);
			dependencies = (
			);
			name = ToDoApp;
			productName = ToDoApp;
			productReference = 20298F5D2846662600DF6F2B /* ToDoApp.app */;
			productType = "com.apple.product-type.application";
		};
/* End PBXNativeTarget section */

/* Begin PBXProject section */
		20298F552846662600DF6F2B /* Project object */ = {
			isa = PBXProject;
			attributes = {
				LastSwiftUpdateCheck = 1240;
				LastUpgradeCheck = 1240;
				TargetAttributes = {
					20298F5C2846662600DF6F2B = {
						CreatedOnToolsVersion = 12.4;
					};
				};
			};
			buildConfigurationList = 20298F582846662600DF6F2B /* Build configuration list for PBXProject "ToDoApp" */;
			compatibilityVersion = "Xcode 9.3";
			developmentRegion = en;
			hasScannedForEncodings = 0;
			knownRegions = (
				en,
				Base,
			);
			mainGroup = 20298F542846662600DF6F2B;
			productRefGroup = 20298F5E2846662600DF6F2B /* Products */;
			projectDirPath = "";
			projectRoot = "";
			targets = (
				20298F5C2846662600DF6F2B /* ToDoApp */,
			);
		};
/* End PBXProject section */

/* Begin PBXResourcesBuildPhase section */
		20298F5B2846662600DF6F2B /* Resources */ = {
			isa = PBXResourcesBuildPhase;
			buildActionMask = 2147483647;
			files = (
				20298F6D2846662800DF6F2B /* LaunchScreen.storyboard in Resources */,
				20298F6A2846662800DF6F2B /* Assets.xcassets in Resources */,
				20298F682846662600DF6F2B /* Main.storyboard in Resources */,
			);
			runOnlyForDeploymentPostprocessing = 0;
		};
/* End PBXResourcesBuildPhase section */

/* Begin PBXShellScriptBuildPhase section */
		3582F0F680423038ACAEDB40 /* [CP] Embed Pods Frameworks */ = {
			isa = PBXShellScriptBuildPhase;
			buildActionMask = 2147483647;
			files = (
			);
			inputFileListPaths = (
				"${PODS_ROOT}/Target Support Files/Pods-ToDoApp/Pods-ToDoApp-frameworks-${CONFIGURATION}-input-files.xcfilelist",
			);
			name = "[CP] Embed Pods Frameworks";
			outputFileListPaths = (
				"${PODS_ROOT}/Target Support Files/Pods-ToDoApp/Pods-ToDoApp-frameworks-${CONFIGURATION}-output-files.xcfilelist",
			);
			runOnlyForDeploymentPostprocessing = 0;
			shellPath = /bin/sh;
			shellScript = "\"${PODS_ROOT}/Target Support Files/Pods-ToDoApp/Pods-ToDoApp-frameworks.sh\"\n";
			showEnvVarsInLog = 0;
		};
		BFC665ACA5FB7BED98EF4B33 /* [CP] Check Pods Manifest.lock */ = {
			isa = PBXShellScriptBuildPhase;
			buildActionMask = 2147483647;
			files = (
			);
			inputFileListPaths = (
			);
			inputPaths = (
				"${PODS_PODFILE_DIR_PATH}/Podfile.lock",
				"${PODS_ROOT}/Manifest.lock",
			);
			name = "[CP] Check Pods Manifest.lock";
			outputFileListPaths = (
			);
			outputPaths = (
				"$(DERIVED_FILE_DIR)/Pods-ToDoApp-checkManifestLockResult.txt",
			);
			runOnlyForDeploymentPostprocessing = 0;
			shellPath = /bin/sh;
			shellScript = "diff \"${PODS_PODFILE_DIR_PATH}/Podfile.lock\" \"${PODS_ROOT}/Manifest.lock\" > /dev/null\nif [ $? != 0 ] ; then\n    # print error to STDERR\n    echo \"error: The sandbox is not in sync with the Podfile.lock. Run 'pod install' or update your CocoaPods installation.\" >&2\n    exit 1\nfi\n# This output is used by Xcode 'outputs' to avoid re-running this script phase.\necho \"SUCCESS\" > \"${SCRIPT_OUTPUT_FILE_0}\"\n";
			showEnvVarsInLog = 0;
		};
/* End PBXShellScriptBuildPhase section */

/* Begin PBXSourcesBuildPhase section */
		20298F592846662600DF6F2B /* Sources */ = {
			isa = PBXSourcesBuildPhase;
			buildActionMask = 2147483647;
			files = (
				20FB4A27284921F300F3B39A /* DataModel.xcdatamodeld in Sources */,
				206A6EF7284B6EA000EF9B60 /* CategoryViewController.swift in Sources */,
				20298F612846662600DF6F2B /* AppDelegate.swift in Sources */,
				20298F792846693600DF6F2B /* ToDoListViewController.swift in Sources */,
				206417B0284CE33500D8A10E /* SwipeTableViewController.swift in Sources */,
				20298F632846662600DF6F2B /* SceneDelegate.swift in Sources */,
			);
			runOnlyForDeploymentPostprocessing = 0;
		};
/* End PBXSourcesBuildPhase section */

/* Begin PBXVariantGroup section */
		20298F662846662600DF6F2B /* Main.storyboard */ = {
			isa = PBXVariantGroup;
			children = (
				20298F672846662600DF6F2B /* Base */,
			);
			name = Main.storyboard;
			sourceTree = "<group>";
		};
		20298F6B2846662800DF6F2B /* LaunchScreen.storyboard */ = {
			isa = PBXVariantGroup;
			children = (
				20298F6C2846662800DF6F2B /* Base */,
			);
			name = LaunchScreen.storyboard;
			sourceTree = "<group>";
		};
/* End PBXVariantGroup section */

/* Begin XCBuildConfiguration section */
		20298F6F2846662800DF6F2B /* Debug */ = {
			isa = XCBuildConfiguration;
			buildSettings = {
				ALWAYS_SEARCH_USER_PATHS = NO;
				CLANG_ANALYZER_NONNULL = YES;
				CLANG_ANALYZER_NUMBER_OBJECT_CONVERSION = YES_AGGRESSIVE;
				CLANG_CXX_LANGUAGE_STANDARD = "gnu++14";
				CLANG_CXX_LIBRARY = "libc++";
				CLANG_ENABLE_MODULES = YES;
				CLANG_ENABLE_OBJC_ARC = YES;
				CLANG_ENABLE_OBJC_WEAK = YES;
				CLANG_WARN_BLOCK_CAPTURE_AUTORELEASING = YES;
				CLANG_WARN_BOOL_CONVERSION = YES;
				CLANG_WARN_COMMA = YES;
				CLANG_WARN_CONSTANT_CONVERSION = YES;
				CLANG_WARN_DEPRECATED_OBJC_IMPLEMENTATIONS = YES;
				CLANG_WARN_DIRECT_OBJC_ISA_USAGE = YES_ERROR;
				CLANG_WARN_DOCUMENTATION_COMMENTS = YES;
				CLANG_WARN_EMPTY_BODY = YES;
				CLANG_WARN_ENUM_CONVERSION = YES;
				CLANG_WARN_INFINITE_RECURSION = YES;
				CLANG_WARN_INT_CONVERSION = YES;
				CLANG_WARN_NON_LITERAL_NULL_CONVERSION = YES;
				CLANG_WARN_OBJC_IMPLICIT_RETAIN_SELF = YES;
				CLANG_WARN_OBJC_LITERAL_CONVERSION = YES;
				CLANG_WARN_OBJC_ROOT_CLASS = YES_ERROR;
				CLANG_WARN_QUOTED_INCLUDE_IN_FRAMEWORK_HEADER = YES;
				CLANG_WARN_RANGE_LOOP_ANALYSIS = YES;
				CLANG_WARN_STRICT_PROTOTYPES = YES;
				CLANG_WARN_SUSPICIOUS_MOVE = YES;
				CLANG_WARN_UNGUARDED_AVAILABILITY = YES_AGGRESSIVE;
				CLANG_WARN_UNREACHABLE_CODE = YES;
				CLANG_WARN__DUPLICATE_METHOD_MATCH = YES;
				COPY_PHASE_STRIP = NO;
				DEBUG_INFORMATION_FORMAT = dwarf;
				ENABLE_STRICT_OBJC_MSGSEND = YES;
				ENABLE_TESTABILITY = YES;
				GCC_C_LANGUAGE_STANDARD = gnu11;
				GCC_DYNAMIC_NO_PIC = NO;
				GCC_NO_COMMON_BLOCKS = YES;
				GCC_OPTIMIZATION_LEVEL = 0;
				GCC_PREPROCESSOR_DEFINITIONS = (
					"DEBUG=1",
					"$(inherited)",
				);
				GCC_WARN_64_TO_32_BIT_CONVERSION = YES;
				GCC_WARN_ABOUT_RETURN_TYPE = YES_ERROR;
				GCC_WARN_UNDECLARED_SELECTOR = YES;
				GCC_WARN_UNINITIALIZED_AUTOS = YES_AGGRESSIVE;
				GCC_WARN_UNUSED_FUNCTION = YES;
				GCC_WARN_UNUSED_VARIABLE = YES;
				IPHONEOS_DEPLOYMENT_TARGET = 13.0;
				MTL_ENABLE_DEBUG_INFO = INCLUDE_SOURCE;
				MTL_FAST_MATH = YES;
				ONLY_ACTIVE_ARCH = YES;
				SDKROOT = iphoneos;
				SWIFT_ACTIVE_COMPILATION_CONDITIONS = DEBUG;
				SWIFT_OPTIMIZATION_LEVEL = "-Onone";
			};
			name = Debug;
		};
		20298F702846662800DF6F2B /* Release */ = {
			isa = XCBuildConfiguration;
			buildSettings = {
				ALWAYS_SEARCH_USER_PATHS = NO;
				CLANG_ANALYZER_NONNULL = YES;
				CLANG_ANALYZER_NUMBER_OBJECT_CONVERSION = YES_AGGRESSIVE;
				CLANG_CXX_LANGUAGE_STANDARD = "gnu++14";
				CLANG_CXX_LIBRARY = "libc++";
				CLANG_ENABLE_MODULES = YES;
				CLANG_ENABLE_OBJC_ARC = YES;
				CLANG_ENABLE_OBJC_WEAK = YES;
				CLANG_WARN_BLOCK_CAPTURE_AUTORELEASING = YES;
				CLANG_WARN_BOOL_CONVERSION = YES;
				CLANG_WARN_COMMA = YES;
				CLANG_WARN_CONSTANT_CONVERSION = YES;
				CLANG_WARN_DEPRECATED_OBJC_IMPLEMENTATIONS = YES;
				CLANG_WARN_DIRECT_OBJC_ISA_USAGE = YES_ERROR;
				CLANG_WARN_DOCUMENTATION_COMMENTS = YES;
				CLANG_WARN_EMPTY_BODY = YES;
				CLANG_WARN_ENUM_CONVERSION = YES;
				CLANG_WARN_INFINITE_RECURSION = YES;
				CLANG_WARN_INT_CONVERSION = YES;
				CLANG_WARN_NON_LITERAL_NULL_CONVERSION = YES;
				CLANG_WARN_OBJC_IMPLICIT_RETAIN_SELF = YES;
				CLANG_WARN_OBJC_LITERAL_CONVERSION = YES;
				CLANG_WARN_OBJC_ROOT_CLASS = YES_ERROR;
				CLANG_WARN_QUOTED_INCLUDE_IN_FRAMEWORK_HEADER = YES;
				CLANG_WARN_RANGE_LOOP_ANALYSIS = YES;
				CLANG_WARN_STRICT_PROTOTYPES = YES;
				CLANG_WARN_SUSPICIOUS_MOVE = YES;
				CLANG_WARN_UNGUARDED_AVAILABILITY = YES_AGGRESSIVE;
				CLANG_WARN_UNREACHABLE_CODE = YES;
				CLANG_WARN__DUPLICATE_METHOD_MATCH = YES;
				COPY_PHASE_STRIP = NO;
				DEBUG_INFORMATION_FORMAT = "dwarf-with-dsym";
				ENABLE_NS_ASSERTIONS = NO;
				ENABLE_STRICT_OBJC_MSGSEND = YES;
				GCC_C_LANGUAGE_STANDARD = gnu11;
				GCC_NO_COMMON_BLOCKS = YES;
				GCC_WARN_64_TO_32_BIT_CONVERSION = YES;
				GCC_WARN_ABOUT_RETURN_TYPE = YES_ERROR;
				GCC_WARN_UNDECLARED_SELECTOR = YES;
				GCC_WARN_UNINITIALIZED_AUTOS = YES_AGGRESSIVE;
				GCC_WARN_UNUSED_FUNCTION = YES;
				GCC_WARN_UNUSED_VARIABLE = YES;
				IPHONEOS_DEPLOYMENT_TARGET = 13.0;
				MTL_ENABLE_DEBUG_INFO = NO;
				MTL_FAST_MATH = YES;
				SDKROOT = iphoneos;
				SWIFT_COMPILATION_MODE = wholemodule;
				SWIFT_OPTIMIZATION_LEVEL = "-O";
				VALIDATE_PRODUCT = YES;
			};
			name = Release;
		};
		20298F722846662800DF6F2B /* Debug */ = {
			isa = XCBuildConfiguration;
			baseConfigurationReference = DD269900D5DE09BBBCB94CC9 /* Pods-ToDoApp.debug.xcconfig */;
			buildSettings = {
				ASSETCATALOG_COMPILER_APPICON_NAME = AppIcon;
				ASSETCATALOG_COMPILER_GLOBAL_ACCENT_COLOR_NAME = AccentColor;
				CODE_SIGN_STYLE = Automatic;
				DEVELOPMENT_TEAM = THGV2QJ4R5;
				INFOPLIST_FILE = ToDoApp/Info.plist;
				IPHONEOS_DEPLOYMENT_TARGET = 13.0;
				LD_RUNPATH_SEARCH_PATHS = (
					"$(inherited)",
					"@executable_path/Frameworks",
				);
				PRODUCT_BUNDLE_IDENTIFIER = com.Alex677.ToDoApp;
				PRODUCT_NAME = "$(TARGET_NAME)";
				SWIFT_VERSION = 5.0;
				TARGETED_DEVICE_FAMILY = "1,2";
			};
			name = Debug;
		};
		20298F732846662800DF6F2B /* Release */ = {
			isa = XCBuildConfiguration;
			baseConfigurationReference = BC99987A4056A2DF77019277 /* Pods-ToDoApp.release.xcconfig */;
			buildSettings = {
				ASSETCATALOG_COMPILER_APPICON_NAME = AppIcon;
				ASSETCATALOG_COMPILER_GLOBAL_ACCENT_COLOR_NAME = AccentColor;
				CODE_SIGN_STYLE = Automatic;
				DEVELOPMENT_TEAM = THGV2QJ4R5;
				INFOPLIST_FILE = ToDoApp/Info.plist;
				IPHONEOS_DEPLOYMENT_TARGET = 13.0;
				LD_RUNPATH_SEARCH_PATHS = (
					"$(inherited)",
					"@executable_path/Frameworks",
				);
				PRODUCT_BUNDLE_IDENTIFIER = com.Alex677.ToDoApp;
				PRODUCT_NAME = "$(TARGET_NAME)";
				SWIFT_VERSION = 5.0;
				TARGETED_DEVICE_FAMILY = "1,2";
			};
			name = Release;
		};
/* End XCBuildConfiguration section */

/* Begin XCConfigurationList section */
		20298F582846662600DF6F2B /* Build configuration list for PBXProject "ToDoApp" */ = {
			isa = XCConfigurationList;
			buildConfigurations = (
				20298F6F2846662800DF6F2B /* Debug */,
				20298F702846662800DF6F2B /* Release */,
			);
			defaultConfigurationIsVisible = 0;
			defaultConfigurationName = Release;
		};
		20298F712846662800DF6F2B /* Build configuration list for PBXNativeTarget "ToDoApp" */ = {
			isa = XCConfigurationList;
			buildConfigurations = (
				20298F722846662800DF6F2B /* Debug */,
				20298F732846662800DF6F2B /* Release */,
			);
			defaultConfigurationIsVisible = 0;
			defaultConfigurationName = Release;
		};
/* End XCConfigurationList section */

/* Begin XCVersionGroup section */
		20FB4A25284921F300F3B39A /* DataModel.xcdatamodeld */ = {
			isa = XCVersionGroup;
			children = (
				20FB4A26284921F300F3B39A /* DataModel.xcdatamodel */,
			);
			currentVersion = 20FB4A26284921F300F3B39A /* DataModel.xcdatamodel */;
			path = DataModel.xcdatamodeld;
			sourceTree = "<group>";
			versionGroupType = wrapper.xcdatamodel;
		};
/* End XCVersionGroup section */
	};
	rootObject = 20298F552846662600DF6F2B /* Project object */;
}
